
Microsoft Visual Studio Solution File, Format Version 12.00
# Visual Studio 15
Project("{FAE04EC0-301F-11D3-BF4B-00C04F79EFBC}") = "Assembly-CSharp", "Assembly-CSharp.csproj", "{0D71C7E3-8434-FFC7-C19B-E5EE56F7A8D9}"
EndProject
Project("{FAE04EC0-301F-11D3-BF4B-00C04F79EFBC}") = "Assembly-CSharp-Editor", "Assembly-CSharp-Editor.csproj", "{4A1BE0D3-5586-1838-C63D-CCB8E928F311}"
EndProject
Global
	GlobalSection(SolutionConfigurationPlatforms) = preSolution
		Debug|Any CPU = Debug|Any CPU
		Release|Any CPU = Release|Any CPU
	EndGlobalSection
	GlobalSection(ProjectConfigurationPlatforms) = postSolution
		{0D71C7E3-8434-FFC7-C19B-E5EE56F7A8D9}.Debug|Any CPU.ActiveCfg = Debug|Any CPU
		{0D71C7E3-8434-FFC7-C19B-E5EE56F7A8D9}.Debug|Any CPU.Build.0 = Debug|Any CPU
		{0D71C7E3-8434-FFC7-C19B-E5EE56F7A8D9}.Release|Any CPU.ActiveCfg = Release|Any CPU
		{0D71C7E3-8434-FFC7-C19B-E5EE56F7A8D9}.Release|Any CPU.Build.0 = Release|Any CPU
		{4A1BE0D3-5586-1838-C63D-CCB8E928F311}.Debug|Any CPU.ActiveCfg = Debug|Any CPU
		{4A1BE0D3-5586-1838-C63D-CCB8E928F311}.Debug|Any CPU.Build.0 = Debug|Any CPU
		{4A1BE0D3-5586-1838-C63D-CCB8E928F311}.Release|Any CPU.ActiveCfg = Release|Any CPU
		{4A1BE0D3-5586-1838-C63D-CCB8E928F311}.Release|Any CPU.Build.0 = Release|Any CPU
	EndGlobalSection
	GlobalSection(SolutionProperties) = preSolution
		HideSolutionNode = FALSE
	EndGlobalSection
EndGlobal
